
Microsoft Visual Studio Solution File, Format Version 12.00
# Visual Studio 14
VisualStudioVersion = 14.0.25123.0
MinimumVisualStudioVersion = 10.0.40219.1
Project("{FAE04EC0-301F-11D3-BF4B-00C04F79EFBC}") = "CrearArchivo", "CrearArchivo\CrearArchivo.csproj", "{94260D93-F27A-49CD-A061-5B99A30745BF}"
EndProject
Project("{FAE04EC0-301F-11D3-BF4B-00C04F79EFBC}") = "usarSerializacion", "usarSerializacion\usarSerializacion.csproj", "{84FA8204-529E-450F-8CEA-296FF4BFA601}"
EndProject
Global
	GlobalSection(SolutionConfigurationPlatforms) = preSolution
		Debug|Any CPU = Debug|Any CPU
		Release|Any CPU = Release|Any CPU
	EndGlobalSection
	GlobalSection(ProjectConfigurationPlatforms) = postSolution
		{94260D93-F27A-49CD-A061-5B99A30745BF}.Debug|Any CPU.ActiveCfg = Debug|Any CPU
		{94260D93-F27A-49CD-A061-5B99A30745BF}.Debug|Any CPU.Build.0 = Debug|Any CPU
		{94260D93-F27A-49CD-A061-5B99A30745BF}.Release|Any CPU.ActiveCfg = Release|Any CPU
		{94260D93-F27A-49CD-A061-5B99A30745BF}.Release|Any CPU.Build.0 = Release|Any CPU
		{84FA8204-529E-450F-8CEA-296FF4BFA601}.Debug|Any CPU.ActiveCfg = Debug|Any CPU
		{84FA8204-529E-450F-8CEA-296FF4BFA601}.Debug|Any CPU.Build.0 = Debug|Any CPU
		{84FA8204-529E-450F-8CEA-296FF4BFA601}.Release|Any CPU.ActiveCfg = Release|Any CPU
		{84FA8204-529E-450F-8CEA-296FF4BFA601}.Release|Any CPU.Build.0 = Release|Any CPU
	EndGlobalSection
	GlobalSection(SolutionProperties) = preSolution
		HideSolutionNode = FALSE
	EndGlobalSection
EndGlobal
